{"filter":false,"title":"package-lock.json","tooltip":"/backend/package-lock.json","undoManager":{"mark":-1,"position":-1,"stack":[]},"ace":{"folds":[],"scrolltop":0,"scrollleft":0,"selection":{"start":{"row":0,"column":0},"end":{"row":0,"column":0},"isBackwards":false},"options":{"guessTabSize":true,"useWrapMode":false,"wrapToView":true},"firstLineState":0},"timestamp":1606484768969,"hash":"cebd604c272d8ca6c67b2f6fe0655e5513307ed3"}